hash: ad304341c34b49eac8ce97914c5be1f7c2d2c546937b88f7210e027f67362a68
updated: 2018-01-11T19:12:37.556838691-08:00
imports:
- name: github.com/albrow/forms
  version: e3d2b46fbb08ea061945f6d5d82b40f8ad942dce
- name: github.com/albrow/negroni-json-recovery
  version: 7047e5bd92bc51b9f6bf6c6f5d15818a4637e190
- name: github.com/albrow/zoom
  version: 332cab27c0d1f315fd21b7adbc5150c982a359ea
- name: github.com/codegangsta/negroni
  version: c7477ad8e330bef55bf1ebe300cf8aa67c492d1b
- name: github.com/dchest/uniuri
  version: 53057c437f6ee51004d86e38f45be42273beff05
- name: github.com/garyburd/redigo
  version: 6ece6e0a09f28cc399b21550cbf37ab39ba63cce
  subpackages:
  - internal
  - redis
- name: github.com/gorilla/context
  version: 1ea25387ff6f684839d82767c1733ff4d4d15d0a
- name: github.com/gorilla/mux
  version: dfc482b2558f4151fc8598139a686caf3fb2ef65
- name: github.com/tv42/base58
  version: b6649477bfe6276322b4eeaae8f5e947b49cec92
- name: github.com/unrolled/render
  version: 198ad4d8b8a4612176b804ca10555b222a086b40
testImports: []
